<Solution>
  <Folder Name="/src/">
    <Project Path="src/Irrigacao.Atualizador/Irrigacao.Atualizador.csproj" />
    <Project Path="src/SoftwareIrrigacao/SoftwareIrrigacao.csproj" />
    <Project Path="src/Toolbox.Industrial.Core/Toolbox.Industrial.Core.csproj" />
    <Project Path="src/Toolbox.Industrial.Driver/Toolbox.Industrial.Driver.csproj" />
  </Folder>
</Solution>
